// !$*UTF8*$!
{
	archiveVersion = 1;
	classes = {
	};
	objectVersion = 50;
	objects = {

/* Begin PBXBuildFile section */
		D5C00AA625DADADE00C1757A /* The_Social_RevolutionApp.swift in Sources */ = {isa = PBXBuildFile; fileRef = D5C00AA525DADADE00C1757A /* The_Social_RevolutionApp.swift */; };
		D5C00AA825DADADE00C1757A /* ContentView.swift in Sources */ = {isa = PBXBuildFile; fileRef = D5C00AA725DADADE00C1757A /* ContentView.swift */; };
		D5C00AAA25DADADE00C1757A /* Assets.xcassets in Resources */ = {isa = PBXBuildFile; fileRef = D5C00AA925DADADE00C1757A /* Assets.xcassets */; };
		D5C00AAD25DADADE00C1757A /* Preview Assets.xcassets in Resources */ = {isa = PBXBuildFile; fileRef = D5C00AAC25DADADE00C1757A /* Preview Assets.xcassets */; };
		D5C00AAF25DADADE00C1757A /* Persistence.swift in Sources */ = {isa = PBXBuildFile; fileRef = D5C00AAE25DADADE00C1757A /* Persistence.swift */; };
		D5C00AB225DADADE00C1757A /* The_Social_Revolution.xcdatamodeld in Sources */ = {isa = PBXBuildFile; fileRef = D5C00AB025DADADE00C1757A /* The_Social_Revolution.xcdatamodeld */; };
		D5C00ABD25DADADE00C1757A /* The_Social_RevolutionTests.swift in Sources */ = {isa = PBXBuildFile; fileRef = D5C00ABC25DADADE00C1757A /* The_Social_RevolutionTests.swift */; };
		D5C00AC825DADADE00C1757A /* The_Social_RevolutionUITests.swift in Sources */ = {isa = PBXBuildFile; fileRef = D5C00AC725DADADE00C1757A /* The_Social_RevolutionUITests.swift */; };
/* End PBXBuildFile section */

/* Begin PBXContainerItemProxy section */
		D5C00AB925DADADE00C1757A /* PBXContainerItemProxy */ = {
			isa = PBXContainerItemProxy;
			containerPortal = D5C00A9A25DADADD00C1757A /* Project object */;
			proxyType = 1;
			remoteGlobalIDString = D5C00AA125DADADD00C1757A;
			remoteInfo = "The Social Revolution";
		};
		D5C00AC425DADADE00C1757A /* PBXContainerItemProxy */ = {
			isa = PBXContainerItemProxy;
			containerPortal = D5C00A9A25DADADD00C1757A /* Project object */;
			proxyType = 1;
			remoteGlobalIDString = D5C00AA125DADADD00C1757A;
			remoteInfo = "The Social Revolution";
		};
/* End PBXContainerItemProxy section */

/* Begin PBXFileReference section */
		D5C00AA225DADADD00C1757A /* The Social Revolution.app */ = {isa = PBXFileReference; explicitFileType = wrapper.application; includeInIndex = 0; path = "The Social Revolution.app"; sourceTree = BUILT_PRODUCTS_DIR; };
		D5C00AA525DADADE00C1757A /* The_Social_RevolutionApp.swift */ = {isa = PBXFileReference; lastKnownFileType = sourcecode.swift; path = The_Social_RevolutionApp.swift; sourceTree = "<group>"; };
		D5C00AA725DADADE00C1757A /* ContentView.swift */ = {isa = PBXFileReference; lastKnownFileType = sourcecode.swift; path = ContentView.swift; sourceTree = "<group>"; };
		D5C00AA925DADADE00C1757A /* Assets.xcassets */ = {isa = PBXFileReference; lastKnownFileType = folder.assetcatalog; path = Assets.xcassets; sourceTree = "<group>"; };
		D5C00AAC25DADADE00C1757A /* Preview Assets.xcassets */ = {isa = PBXFileReference; lastKnownFileType = folder.assetcatalog; path = "Preview Assets.xcassets"; sourceTree = "<group>"; };
		D5C00AAE25DADADE00C1757A /* Persistence.swift */ = {isa = PBXFileReference; lastKnownFileType = sourcecode.swift; path = Persistence.swift; sourceTree = "<group>"; };
		D5C00AB125DADADE00C1757A /* The_Social_Revolution.xcdatamodel */ = {isa = PBXFileReference; lastKnownFileType = wrapper.xcdatamodel; path = The_Social_Revolution.xcdatamodel; sourceTree = "<group>"; };
		D5C00AB325DADADE00C1757A /* Info.plist */ = {isa = PBXFileReference; lastKnownFileType = text.plist.xml; path = Info.plist; sourceTree = "<group>"; };
		D5C00AB825DADADE00C1757A /* The Social RevolutionTests.xctest */ = {isa = PBXFileReference; explicitFileType = wrapper.cfbundle; includeInIndex = 0; path = "The Social RevolutionTests.xctest"; sourceTree = BUILT_PRODUCTS_DIR; };
		D5C00ABC25DADADE00C1757A /* The_Social_RevolutionTests.swift */ = {isa = PBXFileReference; lastKnownFileType = sourcecode.swift; path = The_Social_RevolutionTests.swift; sourceTree = "<group>"; };
		D5C00ABE25DADADE00C1757A /* Info.plist */ = {isa = PBXFileReference; lastKnownFileType = text.plist.xml; path = Info.plist; sourceTree = "<group>"; };
		D5C00AC325DADADE00C1757A /* The Social RevolutionUITests.xctest */ = {isa = PBXFileReference; explicitFileType = wrapper.cfbundle; includeInIndex = 0; path = "The Social RevolutionUITests.xctest"; sourceTree = BUILT_PRODUCTS_DIR; };
		D5C00AC725DADADE00C1757A /* The_Social_RevolutionUITests.swift */ = {isa = PBXFileReference; lastKnownFileType = sourcecode.swift; path = The_Social_RevolutionUITests.swift; sourceTree = "<group>"; };
		D5C00AC925DADADE00C1757A /* Info.plist */ = {isa = PBXFileReference; lastKnownFileType = text.plist.xml; path = Info.plist; sourceTree = "<group>"; };
/* End PBXFileReference section */

/* Begin PBXFrameworksBuildPhase section */
		D5C00A9F25DADADD00C1757A /* Frameworks */ = {
			isa = PBXFrameworksBuildPhase;
			buildActionMask = 2147483647;
			files = (
			);
			runOnlyForDeploymentPostprocessing = 0;
		};
		D5C00AB525DADADE00C1757A /* Frameworks */ = {
			isa = PBXFrameworksBuildPhase;
			buildActionMask = 2147483647;
			files = (
			);
			runOnlyForDeploymentPostprocessing = 0;
		};
		D5C00AC025DADADE00C1757A /* Frameworks */ = {
			isa = PBXFrameworksBuildPhase;
			buildActionMask = 2147483647;
			files = (
			);
			runOnlyForDeploymentPostprocessing = 0;
		};
/* End PBXFrameworksBuildPhase section */

/* Begin PBXGroup section */
		D5C00A9925DADADD00C1757A = {
			isa = PBXGroup;
			children = (
				D5C00AA425DADADE00C1757A /* The Social Revolution */,
				D5C00ABB25DADADE00C1757A /* The Social RevolutionTests */,
				D5C00AC625DADADE00C1757A /* The Social RevolutionUITests */,
				D5C00AA325DADADD00C1757A /* Products */,
			);
			sourceTree = "<group>";
		};
		D5C00AA325DADADD00C1757A /* Products */ = {
			isa = PBXGroup;
			children = (
				D5C00AA225DADADD00C1757A /* The Social Revolution.app */,
				D5C00AB825DADADE00C1757A /* The Social RevolutionTests.xctest */,
				D5C00AC325DADADE00C1757A /* The Social RevolutionUITests.xctest */,
			);
			name = Products;
			sourceTree = "<group>";
		};
		D5C00AA425DADADE00C1757A /* The Social Revolution */ = {
			isa = PBXGroup;
			children = (
				D5C00AA525DADADE00C1757A /* The_Social_RevolutionApp.swift */,
				D5C00AA725DADADE00C1757A /* ContentView.swift */,
				D5C00AA925DADADE00C1757A /* Assets.xcassets */,
				D5C00AAE25DADADE00C1757A /* Persistence.swift */,
				D5C00AB325DADADE00C1757A /* Info.plist */,
				D5C00AB025DADADE00C1757A /* The_Social_Revolution.xcdatamodeld */,
				D5C00AAB25DADADE00C1757A /* Preview Content */,
			);
			path = "The Social Revolution";
			sourceTree = "<group>";
		};
		D5C00AAB25DADADE00C1757A /* Preview Content */ = {
			isa = PBXGroup;
			children = (
				D5C00AAC25DADADE00C1757A /* Preview Assets.xcassets */,
			);
			path = "Preview Content";
			sourceTree = "<group>";
		};
		D5C00ABB25DADADE00C1757A /* The Social RevolutionTests */ = {
			isa = PBXGroup;
			children = (
				D5C00ABC25DADADE00C1757A /* The_Social_RevolutionTests.swift */,
				D5C00ABE25DADADE00C1757A /* Info.plist */,
			);
			path = "The Social RevolutionTests";
			sourceTree = "<group>";
		};
		D5C00AC625DADADE00C1757A /* The Social RevolutionUITests */ = {
			isa = PBXGroup;
			children = (
				D5C00AC725DADADE00C1757A /* The_Social_RevolutionUITests.swift */,
				D5C00AC925DADADE00C1757A /* Info.plist */,
			);
			path = "The Social RevolutionUITests";
			sourceTree = "<group>";
		};
/* End PBXGroup section */

/* Begin PBXNativeTarget section */
		D5C00AA125DADADD00C1757A /* The Social Revolution */ = {
			isa = PBXNativeTarget;
			buildConfigurationList = D5C00ACC25DADADE00C1757A /* Build configuration list for PBXNativeTarget "The Social Revolution" */;
			buildPhases = (
				D5C00A9E25DADADD00C1757A /* Sources */,
				D5C00A9F25DADADD00C1757A /* Frameworks */,
				D5C00AA025DADADD00C1757A /* Resources */,
			);
			buildRules = (
			);
			dependencies = (
			);
			name = "The Social Revolution";
			productName = "The Social Revolution";
			productReference = D5C00AA225DADADD00C1757A /* The Social Revolution.app */;
			productType = "com.apple.product-type.application";
		};
		D5C00AB725DADADE00C1757A /* The Social RevolutionTests */ = {
			isa = PBXNativeTarget;
			buildConfigurationList = D5C00ACF25DADADE00C1757A /* Build configuration list for PBXNativeTarget "The Social RevolutionTests" */;
			buildPhases = (
				D5C00AB425DADADE00C1757A /* Sources */,
				D5C00AB525DADADE00C1757A /* Frameworks */,
				D5C00AB625DADADE00C1757A /* Resources */,
			);
			buildRules = (
			);
			dependencies = (
				D5C00ABA25DADADE00C1757A /* PBXTargetDependency */,
			);
			name = "The Social RevolutionTests";
			productName = "The Social RevolutionTests";
			productReference = D5C00AB825DADADE00C1757A /* The Social RevolutionTests.xctest */;
			productType = "com.apple.product-type.bundle.unit-test";
		};
		D5C00AC225DADADE00C1757A /* The Social RevolutionUITests */ = {
			isa = PBXNativeTarget;
			buildConfigurationList = D5C00AD225DADADE00C1757A /* Build configuration list for PBXNativeTarget "The Social RevolutionUITests" */;
			buildPhases = (
				D5C00ABF25DADADE00C1757A /* Sources */,
				D5C00AC025DADADE00C1757A /* Frameworks */,
				D5C00AC125DADADE00C1757A /* Resources */,
			);
			buildRules = (
			);
			dependencies = (
				D5C00AC525DADADE00C1757A /* PBXTargetDependency */,
			);
			name = "The Social RevolutionUITests";
			productName = "The Social RevolutionUITests";
			productReference = D5C00AC325DADADE00C1757A /* The Social RevolutionUITests.xctest */;
			productType = "com.apple.product-type.bundle.ui-testing";
		};
/* End PBXNativeTarget section */

/* Begin PBXProject section */
		D5C00A9A25DADADD00C1757A /* Project object */ = {
			isa = PBXProject;
			attributes = {
				LastSwiftUpdateCheck = 1230;
				LastUpgradeCheck = 1230;
				TargetAttributes = {
					D5C00AA125DADADD00C1757A = {
						CreatedOnToolsVersion = 12.3;
					};
					D5C00AB725DADADE00C1757A = {
						CreatedOnToolsVersion = 12.3;
						TestTargetID = D5C00AA125DADADD00C1757A;
					};
					D5C00AC225DADADE00C1757A = {
						CreatedOnToolsVersion = 12.3;
						TestTargetID = D5C00AA125DADADD00C1757A;
					};
				};
			};
			buildConfigurationList = D5C00A9D25DADADD00C1757A /* Build configuration list for PBXProject "The Social Revolution" */;
			compatibilityVersion = "Xcode 9.3";
			developmentRegion = en;
			hasScannedForEncodings = 0;
			knownRegions = (
				en,
				Base,
			);
			mainGroup = D5C00A9925DADADD00C1757A;
			productRefGroup = D5C00AA325DADADD00C1757A /* Products */;
			projectDirPath = "";
			projectRoot = "";
			targets = (
				D5C00AA125DADADD00C1757A /* The Social Revolution */,
				D5C00AB725DADADE00C1757A /* The Social RevolutionTests */,
				D5C00AC225DADADE00C1757A /* The Social RevolutionUITests */,
			);
		};
/* End PBXProject section */

/* Begin PBXResourcesBuildPhase section */
		D5C00AA025DADADD00C1757A /* Resources */ = {
			isa = PBXResourcesBuildPhase;
			buildActionMask = 2147483647;
			files = (
				D5C00AAD25DADADE00C1757A /* Preview Assets.xcassets in Resources */,
				D5C00AAA25DADADE00C1757A /* Assets.xcassets in Resources */,
			);
			runOnlyForDeploymentPostprocessing = 0;
		};
		D5C00AB625DADADE00C1757A /* Resources */ = {
			isa = PBXResourcesBuildPhase;
			buildActionMask = 2147483647;
			files = (
			);
			runOnlyForDeploymentPostprocessing = 0;
		};
		D5C00AC125DADADE00C1757A /* Resources */ = {
			isa = PBXResourcesBuildPhase;
			buildActionMask = 2147483647;
			files = (
			);
			runOnlyForDeploymentPostprocessing = 0;
		};
/* End PBXResourcesBuildPhase section */

/* Begin PBXSourcesBuildPhase section */
		D5C00A9E25DADADD00C1757A /* Sources */ = {
			isa = PBXSourcesBuildPhase;
			buildActionMask = 2147483647;
			files = (
				D5C00AAF25DADADE00C1757A /* Persistence.swift in Sources */,
				D5C00AA825DADADE00C1757A /* ContentView.swift in Sources */,
				D5C00AA625DADADE00C1757A /* The_Social_RevolutionApp.swift in Sources */,
				D5C00AB225DADADE00C1757A /* The_Social_Revolution.xcdatamodeld in Sources */,
			);
			runOnlyForDeploymentPostprocessing = 0;
		};
		D5C00AB425DADADE00C1757A /* Sources */ = {
			isa = PBXSourcesBuildPhase;
			buildActionMask = 2147483647;
			files = (
				D5C00ABD25DADADE00C1757A /* The_Social_RevolutionTests.swift in Sources */,
			);
			runOnlyForDeploymentPostprocessing = 0;
		};
		D5C00ABF25DADADE00C1757A /* Sources */ = {
			isa = PBXSourcesBuildPhase;
			buildActionMask = 2147483647;
			files = (
				D5C00AC825DADADE00C1757A /* The_Social_RevolutionUITests.swift in Sources */,
			);
			runOnlyForDeploymentPostprocessing = 0;
		};
/* End PBXSourcesBuildPhase section */

/* Begin PBXTargetDependency section */
		D5C00ABA25DADADE00C1757A /* PBXTargetDependency */ = {
			isa = PBXTargetDependency;
			target = D5C00AA125DADADD00C1757A /* The Social Revolution */;
			targetProxy = D5C00AB925DADADE00C1757A /* PBXContainerItemProxy */;
		};
		D5C00AC525DADADE00C1757A /* PBXTargetDependency */ = {
			isa = PBXTargetDependency;
			target = D5C00AA125DADADD00C1757A /* The Social Revolution */;
			targetProxy = D5C00AC425DADADE00C1757A /* PBXContainerItemProxy */;
		};
/* End PBXTargetDependency section */

/* Begin XCBuildConfiguration section */
		D5C00ACA25DADADE00C1757A /* Debug */ = {
			isa = XCBuildConfiguration;
			buildSettings = {
				ALWAYS_SEARCH_USER_PATHS = NO;
				CLANG_ANALYZER_NONNULL = YES;
				CLANG_ANALYZER_NUMBER_OBJECT_CONVERSION = YES_AGGRESSIVE;
				CLANG_CXX_LANGUAGE_STANDARD = "gnu++14";
				CLANG_CXX_LIBRARY = "libc++";
				CLANG_ENABLE_MODULES = YES;
				CLANG_ENABLE_OBJC_ARC = YES;
				CLANG_ENABLE_OBJC_WEAK = YES;
				CLANG_WARN_BLOCK_CAPTURE_AUTORELEASING = YES;
				CLANG_WARN_BOOL_CONVERSION = YES;
				CLANG_WARN_COMMA = YES;
				CLANG_WARN_CONSTANT_CONVERSION = YES;
				CLANG_WARN_DEPRECATED_OBJC_IMPLEMENTATIONS = YES;
				CLANG_WARN_DIRECT_OBJC_ISA_USAGE = YES_ERROR;
				CLANG_WARN_DOCUMENTATION_COMMENTS = YES;
				CLANG_WARN_EMPTY_BODY = YES;
				CLANG_WARN_ENUM_CONVERSION = YES;
				CLANG_WARN_INFINITE_RECURSION = YES;
				CLANG_WARN_INT_CONVERSION = YES;
				CLANG_WARN_NON_LITERAL_NULL_CONVERSION = YES;
				CLANG_WARN_OBJC_IMPLICIT_RETAIN_SELF = YES;
				CLANG_WARN_OBJC_LITERAL_CONVERSION = YES;
				CLANG_WARN_OBJC_ROOT_CLASS = YES_ERROR;
				CLANG_WARN_QUOTED_INCLUDE_IN_FRAMEWORK_HEADER = YES;
				CLANG_WARN_RANGE_LOOP_ANALYSIS = YES;
				CLANG_WARN_STRICT_PROTOTYPES = YES;
				CLANG_WARN_SUSPICIOUS_MOVE = YES;
				CLANG_WARN_UNGUARDED_AVAILABILITY = YES_AGGRESSIVE;
				CLANG_WARN_UNREACHABLE_CODE = YES;
				CLANG_WARN__DUPLICATE_METHOD_MATCH = YES;
				COPY_PHASE_STRIP = NO;
				DEBUG_INFORMATION_FORMAT = dwarf;
				ENABLE_STRICT_OBJC_MSGSEND = YES;
				ENABLE_TESTABILITY = YES;
				GCC_C_LANGUAGE_STANDARD = gnu11;
				GCC_DYNAMIC_NO_PIC = NO;
				GCC_NO_COMMON_BLOCKS = YES;
				GCC_OPTIMIZATION_LEVEL = 0;
				GCC_PREPROCESSOR_DEFINITIONS = (
					"DEBUG=1",
					"$(inherited)",
				);
				GCC_WARN_64_TO_32_BIT_CONVERSION = YES;
				GCC_WARN_ABOUT_RETURN_TYPE = YES_ERROR;
				GCC_WARN_UNDECLARED_SELECTOR = YES;
				GCC_WARN_UNINITIALIZED_AUTOS = YES_AGGRESSIVE;
				GCC_WARN_UNUSED_FUNCTION = YES;
				GCC_WARN_UNUSED_VARIABLE = YES;
				IPHONEOS_DEPLOYMENT_TARGET = 14.3;
				MTL_ENABLE_DEBUG_INFO = INCLUDE_SOURCE;
				MTL_FAST_MATH = YES;
				ONLY_ACTIVE_ARCH = YES;
				SDKROOT = iphoneos;
				SWIFT_ACTIVE_COMPILATION_CONDITIONS = DEBUG;
				SWIFT_OPTIMIZATION_LEVEL = "-Onone";
			};
			name = Debug;
		};
		D5C00ACB25DADADE00C1757A /* Release */ = {
			isa = XCBuildConfiguration;
			buildSettings = {
				ALWAYS_SEARCH_USER_PATHS = NO;
				CLANG_ANALYZER_NONNULL = YES;
				CLANG_ANALYZER_NUMBER_OBJECT_CONVERSION = YES_AGGRESSIVE;
				CLANG_CXX_LANGUAGE_STANDARD = "gnu++14";
				CLANG_CXX_LIBRARY = "libc++";
				CLANG_ENABLE_MODULES = YES;
				CLANG_ENABLE_OBJC_ARC = YES;
				CLANG_ENABLE_OBJC_WEAK = YES;
				CLANG_WARN_BLOCK_CAPTURE_AUTORELEASING = YES;
				CLANG_WARN_BOOL_CONVERSION = YES;
				CLANG_WARN_COMMA = YES;
				CLANG_WARN_CONSTANT_CONVERSION = YES;
				CLANG_WARN_DEPRECATED_OBJC_IMPLEMENTATIONS = YES;
				CLANG_WARN_DIRECT_OBJC_ISA_USAGE = YES_ERROR;
				CLANG_WARN_DOCUMENTATION_COMMENTS = YES;
				CLANG_WARN_EMPTY_BODY = YES;
				CLANG_WARN_ENUM_CONVERSION = YES;
				CLANG_WARN_INFINITE_RECURSION = YES;
				CLANG_WARN_INT_CONVERSION = YES;
				CLANG_WARN_NON_LITERAL_NULL_CONVERSION = YES;
				CLANG_WARN_OBJC_IMPLICIT_RETAIN_SELF = YES;
				CLANG_WARN_OBJC_LITERAL_CONVERSION = YES;
				CLANG_WARN_OBJC_ROOT_CLASS = YES_ERROR;
				CLANG_WARN_QUOTED_INCLUDE_IN_FRAMEWORK_HEADER = YES;
				CLANG_WARN_RANGE_LOOP_ANALYSIS = YES;
				CLANG_WARN_STRICT_PROTOTYPES = YES;
				CLANG_WARN_SUSPICIOUS_MOVE = YES;
				CLANG_WARN_UNGUARDED_AVAILABILITY = YES_AGGRESSIVE;
				CLANG_WARN_UNREACHABLE_CODE = YES;
				CLANG_WARN__DUPLICATE_METHOD_MATCH = YES;
				COPY_PHASE_STRIP = NO;
				DEBUG_INFORMATION_FORMAT = "dwarf-with-dsym";
				ENABLE_NS_ASSERTIONS = NO;
				ENABLE_STRICT_OBJC_MSGSEND = YES;
				GCC_C_LANGUAGE_STANDARD = gnu11;
				GCC_NO_COMMON_BLOCKS = YES;
				GCC_WARN_64_TO_32_BIT_CONVERSION = YES;
				GCC_WARN_ABOUT_RETURN_TYPE = YES_ERROR;
				GCC_WARN_UNDECLARED_SELECTOR = YES;
				GCC_WARN_UNINITIALIZED_AUTOS = YES_AGGRESSIVE;
				GCC_WARN_UNUSED_FUNCTION = YES;
				GCC_WARN_UNUSED_VARIABLE = YES;
				IPHONEOS_DEPLOYMENT_TARGET = 14.3;
				MTL_ENABLE_DEBUG_INFO = NO;
				MTL_FAST_MATH = YES;
				SDKROOT = iphoneos;
				SWIFT_COMPILATION_MODE = wholemodule;
				SWIFT_OPTIMIZATION_LEVEL = "-O";
				VALIDATE_PRODUCT = YES;
			};
			name = Release;
		};
		D5C00ACD25DADADE00C1757A /* Debug */ = {
			isa = XCBuildConfiguration;
			buildSettings = {
				ASSETCATALOG_COMPILER_APPICON_NAME = AppIcon;
				ASSETCATALOG_COMPILER_GLOBAL_ACCENT_COLOR_NAME = AccentColor;
				CODE_SIGN_STYLE = Automatic;
				DEVELOPMENT_ASSET_PATHS = "\"The Social Revolution/Preview Content\"";
				DEVELOPMENT_TEAM = KAF3X77NPN;
				ENABLE_PREVIEWS = YES;
				INFOPLIST_FILE = "The Social Revolution/Info.plist";
				IPHONEOS_DEPLOYMENT_TARGET = 14.0;
				LD_RUNPATH_SEARCH_PATHS = (
					"$(inherited)",
					"@executable_path/Frameworks",
				);
				PRODUCT_BUNDLE_IDENTIFIER = "RebellionMedia.The-Social-Revolution";
				PRODUCT_NAME = "$(TARGET_NAME)";
				SWIFT_VERSION = 5.0;
				TARGETED_DEVICE_FAMILY = "1,2";
			};
			name = Debug;
		};
		D5C00ACE25DADADE00C1757A /* Release */ = {
			isa = XCBuildConfiguration;
			buildSettings = {
				ASSETCATALOG_COMPILER_APPICON_NAME = AppIcon;
				ASSETCATALOG_COMPILER_GLOBAL_ACCENT_COLOR_NAME = AccentColor;
				CODE_SIGN_STYLE = Automatic;
				DEVELOPMENT_ASSET_PATHS = "\"The Social Revolution/Preview Content\"";
				DEVELOPMENT_TEAM = KAF3X77NPN;
				ENABLE_PREVIEWS = YES;
				INFOPLIST_FILE = "The Social Revolution/Info.plist";
				IPHONEOS_DEPLOYMENT_TARGET = 14.0;
				LD_RUNPATH_SEARCH_PATHS = (
					"$(inherited)",
					"@executable_path/Frameworks",
				);
				PRODUCT_BUNDLE_IDENTIFIER = "RebellionMedia.The-Social-Revolution";
				PRODUCT_NAME = "$(TARGET_NAME)";
				SWIFT_VERSION = 5.0;
				TARGETED_DEVICE_FAMILY = "1,2";
			};
			name = Release;
		};
		D5C00AD025DADADE00C1757A /* Debug */ = {
			isa = XCBuildConfiguration;
			buildSettings = {
				ALWAYS_EMBED_SWIFT_STANDARD_LIBRARIES = YES;
				BUNDLE_LOADER = "$(TEST_HOST)";
				CODE_SIGN_STYLE = Automatic;
				DEVELOPMENT_TEAM = KAF3X77NPN;
				INFOPLIST_FILE = "The Social RevolutionTests/Info.plist";
				IPHONEOS_DEPLOYMENT_TARGET = 14.0;
				LD_RUNPATH_SEARCH_PATHS = (
					"$(inherited)",
					"@executable_path/Frameworks",
					"@loader_path/Frameworks",
				);
				PRODUCT_BUNDLE_IDENTIFIER = "RebellionMedia.The-Social-RevolutionTests";
				PRODUCT_NAME = "$(TARGET_NAME)";
				SWIFT_VERSION = 5.0;
				TARGETED_DEVICE_FAMILY = "1,2";
				TEST_HOST = "$(BUILT_PRODUCTS_DIR)/The Social Revolution.app/The Social Revolution";
			};
			name = Debug;
		};
		D5C00AD125DADADE00C1757A /* Release */ = {
			isa = XCBuildConfiguration;
			buildSettings = {
				ALWAYS_EMBED_SWIFT_STANDARD_LIBRARIES = YES;
				BUNDLE_LOADER = "$(TEST_HOST)";
				CODE_SIGN_STYLE = Automatic;
				DEVELOPMENT_TEAM = KAF3X77NPN;
				INFOPLIST_FILE = "The Social RevolutionTests/Info.plist";
				IPHONEOS_DEPLOYMENT_TARGET = 14.0;
				LD_RUNPATH_SEARCH_PATHS = (
					"$(inherited)",
					"@executable_path/Frameworks",
					"@loader_path/Frameworks",
				);
				PRODUCT_BUNDLE_IDENTIFIER = "RebellionMedia.The-Social-RevolutionTests";
				PRODUCT_NAME = "$(TARGET_NAME)";
				SWIFT_VERSION = 5.0;
				TARGETED_DEVICE_FAMILY = "1,2";
				TEST_HOST = "$(BUILT_PRODUCTS_DIR)/The Social Revolution.app/The Social Revolution";
			};
			name = Release;
		};
		D5C00AD325DADADE00C1757A /* Debug */ = {
			isa = XCBuildConfiguration;
			buildSettings = {
				ALWAYS_EMBED_SWIFT_STANDARD_LIBRARIES = YES;
				CODE_SIGN_STYLE = Automatic;
				DEVELOPMENT_TEAM = KAF3X77NPN;
				INFOPLIST_FILE = "The Social RevolutionUITests/Info.plist";
				LD_RUNPATH_SEARCH_PATHS = (
					"$(inherited)",
					"@executable_path/Frameworks",
					"@loader_path/Frameworks",
				);
				PRODUCT_BUNDLE_IDENTIFIER = "RebellionMedia.The-Social-RevolutionUITests";
				PRODUCT_NAME = "$(TARGET_NAME)";
				SWIFT_VERSION = 5.0;
				TARGETED_DEVICE_FAMILY = "1,2";
				TEST_TARGET_NAME = "The Social Revolution";
			};
			name = Debug;
		};
		D5C00AD425DADADE00C1757A /* Release */ = {
			isa = XCBuildConfiguration;
			buildSettings = {
				ALWAYS_EMBED_SWIFT_STANDARD_LIBRARIES = YES;
				CODE_SIGN_STYLE = Automatic;
				DEVELOPMENT_TEAM = KAF3X77NPN;
				INFOPLIST_FILE = "The Social RevolutionUITests/Info.plist";
				LD_RUNPATH_SEARCH_PATHS = (
					"$(inherited)",
					"@executable_path/Frameworks",
					"@loader_path/Frameworks",
				);
				PRODUCT_BUNDLE_IDENTIFIER = "RebellionMedia.The-Social-RevolutionUITests";
				PRODUCT_NAME = "$(TARGET_NAME)";
				SWIFT_VERSION = 5.0;
				TARGETED_DEVICE_FAMILY = "1,2";
				TEST_TARGET_NAME = "The Social Revolution";
			};
			name = Release;
		};
/* End XCBuildConfiguration section */

/* Begin XCConfigurationList section */
		D5C00A9D25DADADD00C1757A /* Build configuration list for PBXProject "The Social Revolution" */ = {
			isa = XCConfigurationList;
			buildConfigurations = (
				D5C00ACA25DADADE00C1757A /* Debug */,
				D5C00ACB25DADADE00C1757A /* Release */,
			);
			defaultConfigurationIsVisible = 0;
			defaultConfigurationName = Release;
		};
		D5C00ACC25DADADE00C1757A /* Build configuration list for PBXNativeTarget "The Social Revolution" */ = {
			isa = XCConfigurationList;
			buildConfigurations = (
				D5C00ACD25DADADE00C1757A /* Debug */,
				D5C00ACE25DADADE00C1757A /* Release */,
			);
			defaultConfigurationIsVisible = 0;
			defaultConfigurationName = Release;
		};
		D5C00ACF25DADADE00C1757A /* Build configuration list for PBXNativeTarget "The Social RevolutionTests" */ = {
			isa = XCConfigurationList;
			buildConfigurations = (
				D5C00AD025DADADE00C1757A /* Debug */,
				D5C00AD125DADADE00C1757A /* Release */,
			);
			defaultConfigurationIsVisible = 0;
			defaultConfigurationName = Release;
		};
		D5C00AD225DADADE00C1757A /* Build configuration list for PBXNativeTarget "The Social RevolutionUITests" */ = {
			isa = XCConfigurationList;
			buildConfigurations = (
				D5C00AD325DADADE00C1757A /* Debug */,
				D5C00AD425DADADE00C1757A /* Release */,
			);
			defaultConfigurationIsVisible = 0;
			defaultConfigurationName = Release;
		};
/* End XCConfigurationList section */

/* Begin XCVersionGroup section */
		D5C00AB025DADADE00C1757A /* The_Social_Revolution.xcdatamodeld */ = {
			isa = XCVersionGroup;
			children = (
				D5C00AB125DADADE00C1757A /* The_Social_Revolution.xcdatamodel */,
			);
			currentVersion = D5C00AB125DADADE00C1757A /* The_Social_Revolution.xcdatamodel */;
			path = The_Social_Revolution.xcdatamodeld;
			sourceTree = "<group>";
			versionGroupType = wrapper.xcdatamodel;
		};
/* End XCVersionGroup section */
	};
	rootObject = D5C00A9A25DADADD00C1757A /* Project object */;
}
